
Microsoft Visual Studio Solution File, Format Version 12.00
# Visual Studio 15
VisualStudioVersion = 15.0.28010.2046
MinimumVisualStudioVersion = 10.0.40219.1
Project("{9A19103F-16F7-4668-BE54-9A1E7A4F7556}") = "aspnetcore-exceptionhandler", "src\aspnetcore-exceptionhandler\aspnetcore-exceptionhandler.csproj", "{ECE62CBF-82F5-4499-8E8C-2653994BB537}"
EndProject
Project("{9A19103F-16F7-4668-BE54-9A1E7A4F7556}") = "aspnetcore-exceptionhandler-swagger", "src\aspnetcore-exceptionhandler-swagger\aspnetcore-exceptionhandler-swagger.csproj", "{600E477C-26E4-4A4E-8BE4-0D982BDC0FD2}"
EndProject
Project("{9A19103F-16F7-4668-BE54-9A1E7A4F7556}") = "aspnetcore-exceptionhandler-awsxray", "src\aspnetcore-exceptionhandler-awsxray\aspnetcore-exceptionhandler-awsxray.csproj", "{2A1211A5-6F59-4C99-AE8A-8EE921AB45E0}"
EndProject
Project("{9A19103F-16F7-4668-BE54-9A1E7A4F7556}") = "aspnetcore-exceptionhandler-modelvalidation", "src\aspnetcore-exceptionhandler-modelvalidation\aspnetcore-exceptionhandler-modelvalidation.csproj", "{F2FBCAFC-AC06-40CE-A3CF-8EA96E2E8308}"
EndProject
Project("{9A19103F-16F7-4668-BE54-9A1E7A4F7556}") = "aspnetcore-exceptionhandler-test", "test\aspnetcore-exceptionhandler-test\aspnetcore-exceptionhandler-test.csproj", "{9CC6CCD8-606D-40A1-A55E-5A75520DFBC9}"
EndProject
Project("{2150E333-8FDC-42A3-9474-1A3956D46DE8}") = "src", "src", "{A1A1FD47-20DD-47E0-835F-C66B85EA3086}"
EndProject
Project("{2150E333-8FDC-42A3-9474-1A3956D46DE8}") = "test", "test", "{3CC892D9-251F-4B16-AC2D-09BCEE2A6DF7}"
EndProject
Project("{FAE04EC0-301F-11D3-BF4B-00C04F79EFBC}") = "aspnet-core-exceptionhandler-test-mapping-profiles", "test\aspnet-core-exceptionhandler-test-mapping-profiles\aspnet-core-exceptionhandler-test-mapping-profiles.csproj", "{C23B5414-A792-4309-AD60-82FCDE68AD30}"
EndProject
Global
	GlobalSection(SolutionConfigurationPlatforms) = preSolution
		Debug|Any CPU = Debug|Any CPU
		Release|Any CPU = Release|Any CPU
	EndGlobalSection
	GlobalSection(ProjectConfigurationPlatforms) = postSolution
		{ECE62CBF-82F5-4499-8E8C-2653994BB537}.Debug|Any CPU.ActiveCfg = Debug|Any CPU
		{ECE62CBF-82F5-4499-8E8C-2653994BB537}.Debug|Any CPU.Build.0 = Debug|Any CPU
		{ECE62CBF-82F5-4499-8E8C-2653994BB537}.Release|Any CPU.ActiveCfg = Release|Any CPU
		{ECE62CBF-82F5-4499-8E8C-2653994BB537}.Release|Any CPU.Build.0 = Release|Any CPU
		{600E477C-26E4-4A4E-8BE4-0D982BDC0FD2}.Debug|Any CPU.ActiveCfg = Debug|Any CPU
		{600E477C-26E4-4A4E-8BE4-0D982BDC0FD2}.Debug|Any CPU.Build.0 = Debug|Any CPU
		{600E477C-26E4-4A4E-8BE4-0D982BDC0FD2}.Release|Any CPU.ActiveCfg = Release|Any CPU
		{600E477C-26E4-4A4E-8BE4-0D982BDC0FD2}.Release|Any CPU.Build.0 = Release|Any CPU
		{2A1211A5-6F59-4C99-AE8A-8EE921AB45E0}.Debug|Any CPU.ActiveCfg = Debug|Any CPU
		{2A1211A5-6F59-4C99-AE8A-8EE921AB45E0}.Debug|Any CPU.Build.0 = Debug|Any CPU
		{2A1211A5-6F59-4C99-AE8A-8EE921AB45E0}.Release|Any CPU.ActiveCfg = Release|Any CPU
		{2A1211A5-6F59-4C99-AE8A-8EE921AB45E0}.Release|Any CPU.Build.0 = Release|Any CPU
		{F2FBCAFC-AC06-40CE-A3CF-8EA96E2E8308}.Debug|Any CPU.ActiveCfg = Debug|Any CPU
		{F2FBCAFC-AC06-40CE-A3CF-8EA96E2E8308}.Debug|Any CPU.Build.0 = Debug|Any CPU
		{F2FBCAFC-AC06-40CE-A3CF-8EA96E2E8308}.Release|Any CPU.ActiveCfg = Release|Any CPU
		{F2FBCAFC-AC06-40CE-A3CF-8EA96E2E8308}.Release|Any CPU.Build.0 = Release|Any CPU
		{9CC6CCD8-606D-40A1-A55E-5A75520DFBC9}.Debug|Any CPU.ActiveCfg = Debug|Any CPU
		{9CC6CCD8-606D-40A1-A55E-5A75520DFBC9}.Debug|Any CPU.Build.0 = Debug|Any CPU
		{9CC6CCD8-606D-40A1-A55E-5A75520DFBC9}.Release|Any CPU.ActiveCfg = Release|Any CPU
		{9CC6CCD8-606D-40A1-A55E-5A75520DFBC9}.Release|Any CPU.Build.0 = Release|Any CPU
		{C23B5414-A792-4309-AD60-82FCDE68AD30}.Debug|Any CPU.ActiveCfg = Debug|Any CPU
		{C23B5414-A792-4309-AD60-82FCDE68AD30}.Debug|Any CPU.Build.0 = Debug|Any CPU
		{C23B5414-A792-4309-AD60-82FCDE68AD30}.Release|Any CPU.ActiveCfg = Release|Any CPU
		{C23B5414-A792-4309-AD60-82FCDE68AD30}.Release|Any CPU.Build.0 = Release|Any CPU
	EndGlobalSection
	GlobalSection(SolutionProperties) = preSolution
		HideSolutionNode = FALSE
	EndGlobalSection
	GlobalSection(NestedProjects) = preSolution
		{ECE62CBF-82F5-4499-8E8C-2653994BB537} = {A1A1FD47-20DD-47E0-835F-C66B85EA3086}
		{600E477C-26E4-4A4E-8BE4-0D982BDC0FD2} = {A1A1FD47-20DD-47E0-835F-C66B85EA3086}
		{2A1211A5-6F59-4C99-AE8A-8EE921AB45E0} = {A1A1FD47-20DD-47E0-835F-C66B85EA3086}
		{F2FBCAFC-AC06-40CE-A3CF-8EA96E2E8308} = {A1A1FD47-20DD-47E0-835F-C66B85EA3086}
		{9CC6CCD8-606D-40A1-A55E-5A75520DFBC9} = {3CC892D9-251F-4B16-AC2D-09BCEE2A6DF7}
		{C23B5414-A792-4309-AD60-82FCDE68AD30} = {3CC892D9-251F-4B16-AC2D-09BCEE2A6DF7}
	EndGlobalSection
	GlobalSection(ExtensibilityGlobals) = postSolution
		SolutionGuid = {D72A25BC-2D88-4D90-8976-8B58706694B2}
	EndGlobalSection
EndGlobal
